{
  "meteor": {},
  "dependencies": {
    "basePackages": {
      "luma-datatables": {
        "path": ".."
      },
      "luma-ui": {
        "git": "https://github.com/lumapictures/luma-ui",
        "branch": "master"
      }
    },
    "packages": {
      "luma-datatables": {
        "path": ".."
      },
      "luma-ui": {
        "git": "https://github.com/lumapictures/luma-ui",
        "branch": "master",
        "commit": "cc78e1efb31eff06a28a877950dccbc7057921fe"
      },
      "blaze-layout": {
        "git": "https://github.com/EventedMind/blaze-layout.git",
        "tag": "v0.2.4",
        "commit": "b40e9b0612329288d75cf52ad14a7da64bb8618f"
      },
      "iron-router": {
        "git": "https://github.com/EventedMind/iron-router.git",
        "tag": "v0.7.1",
        "commit": "d1ffb3f06ea4c112132b030f2eb1a70b81675ecb"
      },
      "iron-router-active": {
        "git": "https://github.com/XpressiveCode/iron-router-active.git",
        "tag": "v0.2.0",
        "commit": "1b05aad5325c3dfdb5186b9c288aa53013d767b8"
      },
      "jquery-ui": {
        "git": "https://github.com/TimHeckel/meteor-jquery-ui.git",
        "tag": "v1.9.2",
        "commit": "c437d45edcf1367df8d5ffa8bad2867758030bd2"
      }
    }
  }
}
