{
  "meteor": {},
  "dependencies": {
    "basePackages": {
      "luma-datatables": {
        "path": ".."
      },
      "luma-ui": {}
    },
    "packages": {
      "luma-datatables": {
        "path": ".."
      },
      "luma-ui": {
        "git": "https://github.com/lumapictures/luma-ui.git",
        "tag": "v0.1.3",
        "commit": "df9624853a3497e5daf558758195e668bcca6082"
      },
      "blaze-layout": {
        "git": "https://github.com/EventedMind/blaze-layout.git",
        "tag": "v0.2.5",
        "commit": "273e3ab7d005d91a1a59c71bd224533b4dae2fbd"
      },
      "iron-router": {
        "git": "https://github.com/EventedMind/iron-router.git",
        "tag": "v0.7.1",
        "commit": "d1ffb3f06ea4c112132b030f2eb1a70b81675ecb"
      },
      "iron-router-active": {
        "git": "https://github.com/XpressiveCode/iron-router-active.git",
        "tag": "v0.2.0",
        "commit": "1b05aad5325c3dfdb5186b9c288aa53013d767b8"
      },
      "jquery-ui": {
        "git": "https://github.com/TimHeckel/meteor-jquery-ui.git",
        "tag": "v1.9.2",
        "commit": "c437d45edcf1367df8d5ffa8bad2867758030bd2"
      }
    }
  }
}
