{
  "meteor": {},
  "dependencies": {
    "basePackages": {
      "jquery-datatables": {
        "path": ".."
      },
      "luma-ui": {},
      "apm": {}
    },
    "packages": {
      "jquery-datatables": {
        "path": ".."
      },
      "luma-ui": {
        "git": "https://github.com/lumapictures/meteor-luma-ui.git",
        "tag": "v0.1.17",
        "commit": "5379b844e1adb263473663b9c2864f60bf15ebb5"
      },
      "apm": {
        "git": "https://github.com/arunoda/meteor-apm-client.git",
        "tag": "v1.2.6",
        "commit": "426e3c3c33457736ec64d8af17c765d477d1476b"
      },
      "blaze-layout": {
        "git": "https://github.com/EventedMind/blaze-layout.git",
        "tag": "v0.2.5",
        "commit": "273e3ab7d005d91a1a59c71bd224533b4dae2fbd"
      },
      "iron-router": {
        "git": "https://github.com/EventedMind/iron-router.git",
        "tag": "v0.7.1",
        "commit": "d1ffb3f06ea4c112132b030f2eb1a70b81675ecb"
      },
      "iron-router-progress": {
        "git": "https://github.com/Multiply/iron-router-progress.git",
        "tag": "v0.3.1",
        "commit": "3f7900feb4bb70a1289b39a1fdcd1f438c0335b3"
      },
      "jquery-ui": {
        "git": "https://github.com/TimHeckel/meteor-jquery-ui.git",
        "tag": "v1.9.2",
        "commit": "c437d45edcf1367df8d5ffa8bad2867758030bd2"
      }
    }
  }
}
