{
  "meteor": {},
  "dependencies": {
    "basePackages": {
      "jquery-datatables": {
        "path": "."
      }
    },
    "packages": {
      "jquery-datatables": {
        "path": "."
      },
      "luma-component": {
        "git": "https://github.com/LumaPictures/meteor-luma-component",
        "tag": "v0.0.9",
        "commit": "80ed4841ff2d0c65cda219742986d44d0163192a"
      }
    }
  }
}
